
Microsoft Visual Studio Solution File, Format Version 12.00
# Visual Studio Version 16
VisualStudioVersion = 16.0.31129.286
MinimumVisualStudioVersion = 10.0.40219.1
Project("{FAE04EC0-301F-11D3-BF4B-00C04F79EFBC}") = "Saper", "Saper.csproj", "{7E5AB17E-70F8-4420-9047-2BEF3FF3F2B3}"
EndProject
Global
	GlobalSection(SolutionConfigurationPlatforms) = preSolution
		Debug|Any CPU = Debug|Any CPU
		Release|Any CPU = Release|Any CPU
	EndGlobalSection
	GlobalSection(ProjectConfigurationPlatforms) = postSolution
		{7E5AB17E-70F8-4420-9047-2BEF3FF3F2B3}.Debug|Any CPU.ActiveCfg = Debug|Any CPU
		{7E5AB17E-70F8-4420-9047-2BEF3FF3F2B3}.Debug|Any CPU.Build.0 = Debug|Any CPU
		{7E5AB17E-70F8-4420-9047-2BEF3FF3F2B3}.Release|Any CPU.ActiveCfg = Release|Any CPU
		{7E5AB17E-70F8-4420-9047-2BEF3FF3F2B3}.Release|Any CPU.Build.0 = Release|Any CPU
	EndGlobalSection
	GlobalSection(SolutionProperties) = preSolution
		HideSolutionNode = FALSE
	EndGlobalSection
	GlobalSection(ExtensibilityGlobals) = postSolution
		SolutionGuid = {3A6A944D-25E5-4994-A341-8B80FD835DA0}
	EndGlobalSection
EndGlobal
